github.com/docker/libcontainer v2.2.1+incompatible h1:++SbbkCw+X8vAd4j2gOCzZ2Nn7s2xFALTf7LZKmM1/0=
github.com/docker/libcontainer v2.2.1+incompatible/go.mod h1:osvj61pYsqhNCMLGX31xr7klUBhHb/ZBuXS0o1Fvwbw=
github.com/google/pprof v0.0.0-20181115081917-dcb5510988eb h1:cIr31LXJykwIq1iLNvvgc67/QvUEAi4QXcGqN+jVgvc=
github.com/google/pprof v0.0.0-20181115081917-dcb5510988eb/go.mod h1:zfwlbNMJ+OItoe0UupaVj+oy1omPYYDuagoSzA8v9mc=
github.com/ianlancetaylor/demangle v0.0.0-20181102032728-5e5cf60278f6 h1:UDMh68UUwekSh5iP2OMhRRZJiiBccgV7axzUG8vi56c=
github.com/ianlancetaylor/demangle v0.0.0-20181102032728-5e5cf60278f6/go.mod h1:aSSvb/t6k1mPoxDqO4vJh6VOCGPwU4O0C2/Eqndh1Sc=
github.com/kardianos/minwinsvc v0.0.0-20151122163309-cad6b2b879b0 h1:YnZmFjg0Nvk8851WTVWlqMC1ecJH07Ctz+Ezxx4u54g=
github.com/kardianos/minwinsvc v0.0.0-20151122163309-cad6b2b879b0/go.mod h1:rUi0/YffDo1oXBOGn1KRq7Fr07LX48XEBecQnmwjsAo=
github.com/mitchellh/mapstructure v1.1.2 h1:fmNYVwqnSfB9mZU6OS2O6GsXM+wcskZDuKQzvN1EDeE=
github.com/mitchellh/mapstructure v1.1.2/go.mod h1:FVVH3fgwuzCH5S8UJGiWEs2h04kUh9fWfEaFds41c1Y=
github.com/neilalexander/hjson-go v3.0.0+incompatible h1:MRqki7QoLwAe9kD12DF4yy6r04KKxvjBcMGvVGNNQ8g=
github.com/neilalexander/hjson-go v3.0.0+incompatible/go.mod h1:l+Zao6IpQ+6d/y7LnYnOfbfOeU/9xRiTi4HLVpnkcTg=
github.com/songgao/packets v0.0.0-20160404182456-549a10cd4091 h1:1zN6ImoqhSJhN8hGXFaJlSC8msLmIbX8bFqOfWLKw0w=
github.com/songgao/packets v0.0.0-20160404182456-549a10cd4091/go.mod h1:N20Z5Y8oye9a7HmytmZ+tr8Q2vlP0tAHP13kTHzwvQY=
github.com/yggdrasil-network/water v0.0.0-20180615095340-f732c88f34ae h1:MYCANF1kehCG6x6G+/9txLfq6n3lS5Vp0Mxn1hdiBAc=
github.com/yggdrasil-network/water v0.0.0-20180615095340-f732c88f34ae/go.mod h1:R0SBCsugm+Sf1katgTb2t7GXMm+nRIv43tM4VDZbaOs=
golang.org/x/arch v0.0.0-20180920145803-b19384d3c130 h1:Vsc61gop4hfHdzQNolo6Fi/sw7TnJ2yl3ZR4i7bYirs=
golang.org/x/arch v0.0.0-20180920145803-b19384d3c130/go.mod h1:cYlCBUl1MsqxdiKgmc4uh7TxZfWSFLOGSRR090WDxt8=
golang.org/x/crypto v0.0.0-20181112202954-3d3f9f413869 h1:kkXA53yGe04D0adEYJwEVQjeBppL01Exg+fnMjfUraU=
golang.org/x/crypto v0.0.0-20181112202954-3d3f9f413869/go.mod h1:6SG95UA2DQfeDnfUPMdvaQW0Q7yPrPDi9nlGo2tz2b4=
golang.org/x/net v0.0.0-20181114220301-adae6a3d119a h1:gOpx8G595UYyvj8UK4+OFyY4rx037g3fmfhe5SasG3U=
golang.org/x/net v0.0.0-20181114220301-adae6a3d119a/go.mod h1:mL1N/T3taQHkDXs73rZJwtUhF3w3ftmwwsq0BUmARs4=
golang.org/x/sys v0.0.0-20181122145206-62eef0e2fa9b h1:MQE+LT/ABUuuvEZ+YQAMSXindAdUh7slEmAkup74op4=
golang.org/x/sys v0.0.0-20181122145206-62eef0e2fa9b/go.mod h1:STP8DvDyc/dI5b8T5hshtkjS+E42TnysNCUPdjciGhY=
golang.org/x/text v0.3.0 h1:g61tztE5qeGQ89tm6NTjjM9VPIm088od1l6aSorWRWg=
golang.org/x/text v0.3.0/go.mod h1:NqM8EUOU14njkJ3fqMW+pc6Ldnwhi/IjpwHt7yyuwOQ=
